
Microsoft Visual Studio Solution File, Format Version 12.00
# Visual Studio Version 17
VisualStudioVersion = 17.8.34511.84
MinimumVisualStudioVersion = 10.0.40219.1
Project("{FAE04EC0-301F-11D3-BF4B-00C04F79EFBC}") = "BarcodeReader.Server", "BarcodeReader.Server\BarcodeReader.Server.csproj", "{2BC66929-D235-402B-AD71-6FB0C9892198}"
EndProject
Project("{FAE04EC0-301F-11D3-BF4B-00C04F79EFBC}") = "BarcodeReader.Client", "BarcodeReader.Client\BarcodeReader.Client.csproj", "{0B6D5A63-E99A-413E-A065-CAD16C914A87}"
EndProject
Project("{FAE04EC0-301F-11D3-BF4B-00C04F79EFBC}") = "BarcodeReader.Shared", "BarcodeReader.Shared\BarcodeReader.Shared.csproj", "{C7134A40-9FBC-4BE7-8567-E91733344340}"
EndProject
Global
	GlobalSection(SolutionConfigurationPlatforms) = preSolution
		Debug|Any CPU = Debug|Any CPU
		Release|Any CPU = Release|Any CPU
	EndGlobalSection
	GlobalSection(ProjectConfigurationPlatforms) = postSolution
		{2BC66929-D235-402B-AD71-6FB0C9892198}.Debug|Any CPU.ActiveCfg = Debug|Any CPU
		{2BC66929-D235-402B-AD71-6FB0C9892198}.Debug|Any CPU.Build.0 = Debug|Any CPU
		{2BC66929-D235-402B-AD71-6FB0C9892198}.Release|Any CPU.ActiveCfg = Release|Any CPU
		{2BC66929-D235-402B-AD71-6FB0C9892198}.Release|Any CPU.Build.0 = Release|Any CPU
		{0B6D5A63-E99A-413E-A065-CAD16C914A87}.Debug|Any CPU.ActiveCfg = Debug|Any CPU
		{0B6D5A63-E99A-413E-A065-CAD16C914A87}.Debug|Any CPU.Build.0 = Debug|Any CPU
		{0B6D5A63-E99A-413E-A065-CAD16C914A87}.Release|Any CPU.ActiveCfg = Release|Any CPU
		{0B6D5A63-E99A-413E-A065-CAD16C914A87}.Release|Any CPU.Build.0 = Release|Any CPU
		{C7134A40-9FBC-4BE7-8567-E91733344340}.Debug|Any CPU.ActiveCfg = Debug|Any CPU
		{C7134A40-9FBC-4BE7-8567-E91733344340}.Debug|Any CPU.Build.0 = Debug|Any CPU
		{C7134A40-9FBC-4BE7-8567-E91733344340}.Release|Any CPU.ActiveCfg = Release|Any CPU
		{C7134A40-9FBC-4BE7-8567-E91733344340}.Release|Any CPU.Build.0 = Release|Any CPU
	EndGlobalSection
	GlobalSection(SolutionProperties) = preSolution
		HideSolutionNode = FALSE
	EndGlobalSection
	GlobalSection(ExtensibilityGlobals) = postSolution
		SolutionGuid = {59968E10-3C2D-4081-B933-8E3CF16AB3D9}
	EndGlobalSection
EndGlobal
